Microsoft Visual Studio Solution File, Format Version 12.00
# Visual Studio Version 18
VisualStudioVersion = 18.0.0.0
MinimumVisualStudioVersion = 10.0.40219.1
Project("{FAE04EC0-301F-11D3-BF4B-00C04F79EFBC}") = "BCS Tool", "BCSTool\BCSTool.csproj", "{B1D7A5C0-4B92-4B63-98DA-3434CC024219}"
EndProject
Project("{FAE04EC0-301F-11D3-BF4B-00C04F79EFBC}") = "BCSTool.RegressionTests", "BCSTool.RegressionTests\BCSTool.RegressionTests.csproj", "{E1E48E7C-8D8F-4D5E-9CB5-F8ED4458BC83}"
EndProject
Global
	GlobalSection(SolutionConfigurationPlatforms) = preSolution
		Debug|Any CPU = Debug|Any CPU
		Release|Any CPU = Release|Any CPU
	EndGlobalSection
	GlobalSection(ProjectConfigurationPlatforms) = postSolution
		{B1D7A5C0-4B92-4B63-98DA-3434CC024219}.Debug|Any CPU.ActiveCfg = Debug|Any CPU
		{B1D7A5C0-4B92-4B63-98DA-3434CC024219}.Debug|Any CPU.Build.0 = Debug|Any CPU
		{B1D7A5C0-4B92-4B63-98DA-3434CC024219}.Release|Any CPU.ActiveCfg = Release|Any CPU
		{B1D7A5C0-4B92-4B63-98DA-3434CC024219}.Release|Any CPU.Build.0 = Release|Any CPU
		{E1E48E7C-8D8F-4D5E-9CB5-F8ED4458BC83}.Debug|Any CPU.ActiveCfg = Debug|Any CPU
		{E1E48E7C-8D8F-4D5E-9CB5-F8ED4458BC83}.Debug|Any CPU.Build.0 = Debug|Any CPU
		{E1E48E7C-8D8F-4D5E-9CB5-F8ED4458BC83}.Release|Any CPU.ActiveCfg = Release|Any CPU
		{E1E48E7C-8D8F-4D5E-9CB5-F8ED4458BC83}.Release|Any CPU.Build.0 = Release|Any CPU
	EndGlobalSection
EndGlobal
